github.com/FortAwesome/Font-Awesome v0.0.0-20230327165841-0698449d50f2 h1:Uv1z5EqCfmiK4IHUwT0m3h/u/WCk+kpRfxvAZhpC7Gc=
github.com/FortAwesome/Font-Awesome v0.0.0-20230327165841-0698449d50f2/go.mod h1:IUgezN/MFpCDIlFezw3L8j83oeiIuYoj28Miwr/KUYo=
github.com/boschglobal/dse.clib v1.0.5 h1:shwnlEjFqbpImjjZ1QNGSWoZGZRClhoMYkkwRzIAYbo=
github.com/boschglobal/dse.clib v1.0.5/go.mod h1:5t9WemME8eZoArKPHYb1HMt3x1z2FZswWRjb21OwXKw=
github.com/boschglobal/dse.clib v1.0.10 h1:hgt/mR2N7o6TcfzzzBxRmLTmDlyKTbBZhMTycLGLQmM=
github.com/boschglobal/dse.clib v1.0.10/go.mod h1:5t9WemME8eZoArKPHYb1HMt3x1z2FZswWRjb21OwXKw=
github.com/boschglobal/dse.modelc v1.3.2 h1:lLOS8JkbItrrsQD5FYnJEtrM7h4bdX62MxuniMiu3MQ=
github.com/boschglobal/dse.modelc v1.3.2/go.mod h1:vxWi0xKdJmepSDRNF3WuMeyRedURYHjlH/Sk/Hx+Q/E=
github.com/boschglobal/dse.modelc v2.0.1+incompatible h1:NQvPBdTSFXZM5RVT0DY+kVAEAPgGpVFzG9VgKdib42Y=
github.com/boschglobal/dse.modelc v2.0.1+incompatible/go.mod h1:vxWi0xKdJmepSDRNF3WuMeyRedURYHjlH/Sk/Hx+Q/E=
github.com/boschglobal/dse.schemas v1.1.4 h1:B4g062YnACcg4yVDCQz6w0klfxdbwC9d15+0IISEaZE=
github.com/boschglobal/dse.schemas v1.1.4/go.mod h1:BK9xiEVG0UtW6zd7VCdfgWieMO1dOz7VcAGfG3Smch8=
github.com/boschglobal/dse.schemas v1.2.2 h1:1T3LQtt92A8rSRAC6WeR/6DS1LwyfDUWA0R+hNKlBlM=
github.com/boschglobal/dse.schemas v1.2.2/go.mod h1:BK9xiEVG0UtW6zd7VCdfgWieMO1dOz7VcAGfG3Smch8=
github.com/boschglobal/dse.standards v1.0.3 h1:Y01zpRUGEiuYbHzQDC6YDbQuWnqDqOlq3OUqjpe33o4=
github.com/boschglobal/dse.standards v1.0.3/go.mod h1:tazVOiLPqmDLf+ku/IV2H50nJQlzp7CquVMLeg0abCo=
github.com/boschglobal/dse.standards v1.0.5 h1:KOY3ehAzHnXNjUR+QCtLVp92EZr38ie14mz3zYY4Q2A=
github.com/boschglobal/dse.standards v1.0.5/go.mod h1:tazVOiLPqmDLf+ku/IV2H50nJQlzp7CquVMLeg0abCo=
github.com/google/docsy v0.7.2 h1:KzhFgTd3taF1jq9HDemH3omlUqn9qfdE68sxRyTySpM=
github.com/google/docsy v0.7.2/go.mod h1:ol3w2s1FBUzENdKSAEeNjtuaISUzHYHTw60xv5QH3Dg=
github.com/google/docsy v0.8.0 h1:RgHyKRTo8YwScMThrf01Ky2yCGpUS1hpkspwNv6szT4=
github.com/google/docsy v0.8.0/go.mod h1:FqTNN2T7pWEGW8dc+v5hQ5VF29W5uaL00PQ1LdVw5F8=
github.com/google/docsy/dependencies v0.7.2 h1:+t5ufoADQAj4XneFphz4A+UU0ICAxmNaRHVWtMYXPSI=
github.com/google/docsy/dependencies v0.7.2/go.mod h1:gihhs5gmgeO+wuoay4FwOzob+jYJVyQbNaQOh788lD4=
github.com/twbs/bootstrap v5.2.3+incompatible/go.mod h1:fZTSrkpSf0/HkL0IIJzvVspTt1r9zuf7XlZau8kpcY0=
github.com/twbs/bootstrap v5.3.2+incompatible h1:tuiO5acc6xnZUR77Sbi5aKWXxjYxbmsSbJwYrhAKoQQ=
github.com/twbs/bootstrap v5.3.2+incompatible/go.mod h1:fZTSrkpSf0/HkL0IIJzvVspTt1r9zuf7XlZau8kpcY0=
